// !$*UTF8*$!
{
	archiveVersion = 1;
	classes = {
	};
	objectVersion = 51;
	objects = {

/* Begin PBXBuildFile section */
		0E9DA7251703A43072525091 /* Pods_MediaTests.framework in Frameworks */ = {isa = PBXBuildFile; fileRef = 5B5630E4DAD860D7BA9FC3AF /* Pods_MediaTests.framework */; };
		4CC51234D698E11A62711F79 /* Pods_Media.framework in Frameworks */ = {isa = PBXBuildFile; fileRef = 2C3A53D66729A5EA719B942E /* Pods_Media.framework */; };
		91FFCEDE75BADD469D6BEBD2 /* Pods_Media_MediaUITests.framework in Frameworks */ = {isa = PBXBuildFile; fileRef = 3D148236B50E79EE403D953A /* Pods_Media_MediaUITests.framework */; };
		B3BAECE123DC7D16003D8554 /* AppDelegate.swift in Sources */ = {isa = PBXBuildFile; fileRef = B3BAECE023DC7D16003D8554 /* AppDelegate.swift */; };
		B3BAECE323DC7D16003D8554 /* SceneDelegate.swift in Sources */ = {isa = PBXBuildFile; fileRef = B3BAECE223DC7D16003D8554 /* SceneDelegate.swift */; };
		B3BAECEA23DC7D18003D8554 /* Assets.xcassets in Resources */ = {isa = PBXBuildFile; fileRef = B3BAECE923DC7D18003D8554 /* Assets.xcassets */; };
		B3BAECED23DC7D18003D8554 /* LaunchScreen.storyboard in Resources */ = {isa = PBXBuildFile; fileRef = B3BAECEB23DC7D18003D8554 /* LaunchScreen.storyboard */; };
		B3BAECF823DC7D18003D8554 /* MediaTests.swift in Sources */ = {isa = PBXBuildFile; fileRef = B3BAECF723DC7D18003D8554 /* MediaTests.swift */; };
		B3BAED0323DC7D18003D8554 /* MediaUITests.swift in Sources */ = {isa = PBXBuildFile; fileRef = B3BAED0223DC7D18003D8554 /* MediaUITests.swift */; };
		B3E3804923DCA802009F630E /* ArticleList.storyboard in Resources */ = {isa = PBXBuildFile; fileRef = B3E3804823DCA802009F630E /* ArticleList.storyboard */; };
		B3E3804B23DCA874009F630E /* ArticleListViewController.swift in Sources */ = {isa = PBXBuildFile; fileRef = B3E3804A23DCA874009F630E /* ArticleListViewController.swift */; };
		B3E3804D23DCA89C009F630E /* ArticleListViewModel.swift in Sources */ = {isa = PBXBuildFile; fileRef = B3E3804C23DCA89C009F630E /* ArticleListViewModel.swift */; };
		B3E3804F23DCA8AB009F630E /* ArticleModel.swift in Sources */ = {isa = PBXBuildFile; fileRef = B3E3804E23DCA8AB009F630E /* ArticleModel.swift */; };
		B3E3805323DCB0FC009F630E /* ArticleListRepository.swift in Sources */ = {isa = PBXBuildFile; fileRef = B3E3805223DCB0FC009F630E /* ArticleListRepository.swift */; };
		B3E3805623DCB15C009F630E /* PathValues.swift in Sources */ = {isa = PBXBuildFile; fileRef = B3E3805523DCB15C009F630E /* PathValues.swift */; };
/* End PBXBuildFile section */

/* Begin PBXContainerItemProxy section */
		B3BAECF423DC7D18003D8554 /* PBXContainerItemProxy */ = {
			isa = PBXContainerItemProxy;
			containerPortal = B3BAECD523DC7D16003D8554 /* Project object */;
			proxyType = 1;
			remoteGlobalIDString = B3BAECDC23DC7D16003D8554;
			remoteInfo = Media;
		};
		B3BAECFF23DC7D18003D8554 /* PBXContainerItemProxy */ = {
			isa = PBXContainerItemProxy;
			containerPortal = B3BAECD523DC7D16003D8554 /* Project object */;
			proxyType = 1;
			remoteGlobalIDString = B3BAECDC23DC7D16003D8554;
			remoteInfo = Media;
		};
/* End PBXContainerItemProxy section */

/* Begin PBXFileReference section */
		06AB49D4BA48D884A87B5E1F /* Pods-Media-MediaUITests.release.xcconfig */ = {isa = PBXFileReference; includeInIndex = 1; lastKnownFileType = text.xcconfig; name = "Pods-Media-MediaUITests.release.xcconfig"; path = "Target Support Files/Pods-Media-MediaUITests/Pods-Media-MediaUITests.release.xcconfig"; sourceTree = "<group>"; };
		2C3A53D66729A5EA719B942E /* Pods_Media.framework */ = {isa = PBXFileReference; explicitFileType = wrapper.framework; includeInIndex = 0; path = Pods_Media.framework; sourceTree = BUILT_PRODUCTS_DIR; };
		3D148236B50E79EE403D953A /* Pods_Media_MediaUITests.framework */ = {isa = PBXFileReference; explicitFileType = wrapper.framework; includeInIndex = 0; path = Pods_Media_MediaUITests.framework; sourceTree = BUILT_PRODUCTS_DIR; };
		3DAF044CC040696BD0F49137 /* Pods-MediaTests.release.xcconfig */ = {isa = PBXFileReference; includeInIndex = 1; lastKnownFileType = text.xcconfig; name = "Pods-MediaTests.release.xcconfig"; path = "Target Support Files/Pods-MediaTests/Pods-MediaTests.release.xcconfig"; sourceTree = "<group>"; };
		5683D5BD34E065B9E9746046 /* Pods-Media.debug.xcconfig */ = {isa = PBXFileReference; includeInIndex = 1; lastKnownFileType = text.xcconfig; name = "Pods-Media.debug.xcconfig"; path = "Target Support Files/Pods-Media/Pods-Media.debug.xcconfig"; sourceTree = "<group>"; };
		5B5630E4DAD860D7BA9FC3AF /* Pods_MediaTests.framework */ = {isa = PBXFileReference; explicitFileType = wrapper.framework; includeInIndex = 0; path = Pods_MediaTests.framework; sourceTree = BUILT_PRODUCTS_DIR; };
		6144A177695FAFE0F0E0331C /* Pods-Media-MediaUITests.debug.xcconfig */ = {isa = PBXFileReference; includeInIndex = 1; lastKnownFileType = text.xcconfig; name = "Pods-Media-MediaUITests.debug.xcconfig"; path = "Target Support Files/Pods-Media-MediaUITests/Pods-Media-MediaUITests.debug.xcconfig"; sourceTree = "<group>"; };
		8332DFF266630A568DB02636 /* Pods-Media.release.xcconfig */ = {isa = PBXFileReference; includeInIndex = 1; lastKnownFileType = text.xcconfig; name = "Pods-Media.release.xcconfig"; path = "Target Support Files/Pods-Media/Pods-Media.release.xcconfig"; sourceTree = "<group>"; };
		B3BAECDD23DC7D16003D8554 /* Media.app */ = {isa = PBXFileReference; explicitFileType = wrapper.application; includeInIndex = 0; path = Media.app; sourceTree = BUILT_PRODUCTS_DIR; };
		B3BAECE023DC7D16003D8554 /* AppDelegate.swift */ = {isa = PBXFileReference; lastKnownFileType = sourcecode.swift; path = AppDelegate.swift; sourceTree = "<group>"; };
		B3BAECE223DC7D16003D8554 /* SceneDelegate.swift */ = {isa = PBXFileReference; lastKnownFileType = sourcecode.swift; path = SceneDelegate.swift; sourceTree = "<group>"; };
		B3BAECE923DC7D18003D8554 /* Assets.xcassets */ = {isa = PBXFileReference; lastKnownFileType = folder.assetcatalog; path = Assets.xcassets; sourceTree = "<group>"; };
		B3BAECEC23DC7D18003D8554 /* Base */ = {isa = PBXFileReference; lastKnownFileType = file.storyboard; name = Base; path = Base.lproj/LaunchScreen.storyboard; sourceTree = "<group>"; };
		B3BAECEE23DC7D18003D8554 /* Info.plist */ = {isa = PBXFileReference; lastKnownFileType = text.plist.xml; path = Info.plist; sourceTree = "<group>"; };
		B3BAECF323DC7D18003D8554 /* MediaTests.xctest */ = {isa = PBXFileReference; explicitFileType = wrapper.cfbundle; includeInIndex = 0; path = MediaTests.xctest; sourceTree = BUILT_PRODUCTS_DIR; };
		B3BAECF723DC7D18003D8554 /* MediaTests.swift */ = {isa = PBXFileReference; lastKnownFileType = sourcecode.swift; path = MediaTests.swift; sourceTree = "<group>"; };
		B3BAECF923DC7D18003D8554 /* Info.plist */ = {isa = PBXFileReference; lastKnownFileType = text.plist.xml; path = Info.plist; sourceTree = "<group>"; };
		B3BAECFE23DC7D18003D8554 /* MediaUITests.xctest */ = {isa = PBXFileReference; explicitFileType = wrapper.cfbundle; includeInIndex = 0; path = MediaUITests.xctest; sourceTree = BUILT_PRODUCTS_DIR; };
		B3BAED0223DC7D18003D8554 /* MediaUITests.swift */ = {isa = PBXFileReference; lastKnownFileType = sourcecode.swift; path = MediaUITests.swift; sourceTree = "<group>"; };
		B3BAED0423DC7D18003D8554 /* Info.plist */ = {isa = PBXFileReference; lastKnownFileType = text.plist.xml; path = Info.plist; sourceTree = "<group>"; };
		B3E3804823DCA802009F630E /* ArticleList.storyboard */ = {isa = PBXFileReference; lastKnownFileType = file.storyboard; path = ArticleList.storyboard; sourceTree = "<group>"; };
		B3E3804A23DCA874009F630E /* ArticleListViewController.swift */ = {isa = PBXFileReference; lastKnownFileType = sourcecode.swift; path = ArticleListViewController.swift; sourceTree = "<group>"; };
		B3E3804C23DCA89C009F630E /* ArticleListViewModel.swift */ = {isa = PBXFileReference; lastKnownFileType = sourcecode.swift; path = ArticleListViewModel.swift; sourceTree = "<group>"; };
		B3E3804E23DCA8AB009F630E /* ArticleModel.swift */ = {isa = PBXFileReference; lastKnownFileType = sourcecode.swift; path = ArticleModel.swift; sourceTree = "<group>"; };
		B3E3805223DCB0FC009F630E /* ArticleListRepository.swift */ = {isa = PBXFileReference; lastKnownFileType = sourcecode.swift; path = ArticleListRepository.swift; sourceTree = "<group>"; };
		B3E3805523DCB15C009F630E /* PathValues.swift */ = {isa = PBXFileReference; lastKnownFileType = sourcecode.swift; path = PathValues.swift; sourceTree = "<group>"; };
		F7E21163741AA0AF2CA312E9 /* Pods-MediaTests.debug.xcconfig */ = {isa = PBXFileReference; includeInIndex = 1; lastKnownFileType = text.xcconfig; name = "Pods-MediaTests.debug.xcconfig"; path = "Target Support Files/Pods-MediaTests/Pods-MediaTests.debug.xcconfig"; sourceTree = "<group>"; };
/* End PBXFileReference section */

/* Begin PBXFrameworksBuildPhase section */
		B3BAECDA23DC7D16003D8554 /* Frameworks */ = {
			isa = PBXFrameworksBuildPhase;
			buildActionMask = 2147483647;
			files = (
				4CC51234D698E11A62711F79 /* Pods_Media.framework in Frameworks */,
			);
			runOnlyForDeploymentPostprocessing = 0;
		};
		B3BAECF023DC7D18003D8554 /* Frameworks */ = {
			isa = PBXFrameworksBuildPhase;
			buildActionMask = 2147483647;
			files = (
				0E9DA7251703A43072525091 /* Pods_MediaTests.framework in Frameworks */,
			);
			runOnlyForDeploymentPostprocessing = 0;
		};
		B3BAECFB23DC7D18003D8554 /* Frameworks */ = {
			isa = PBXFrameworksBuildPhase;
			buildActionMask = 2147483647;
			files = (
				91FFCEDE75BADD469D6BEBD2 /* Pods_Media_MediaUITests.framework in Frameworks */,
			);
			runOnlyForDeploymentPostprocessing = 0;
		};
/* End PBXFrameworksBuildPhase section */

/* Begin PBXGroup section */
		207A9472556B0A9C5A5F1130 /* Frameworks */ = {
			isa = PBXGroup;
			children = (
				2C3A53D66729A5EA719B942E /* Pods_Media.framework */,
				3D148236B50E79EE403D953A /* Pods_Media_MediaUITests.framework */,
				5B5630E4DAD860D7BA9FC3AF /* Pods_MediaTests.framework */,
			);
			name = Frameworks;
			sourceTree = "<group>";
		};
		B17D3C54D9A021F68AB4A86C /* Pods */ = {
			isa = PBXGroup;
			children = (
				5683D5BD34E065B9E9746046 /* Pods-Media.debug.xcconfig */,
				8332DFF266630A568DB02636 /* Pods-Media.release.xcconfig */,
				6144A177695FAFE0F0E0331C /* Pods-Media-MediaUITests.debug.xcconfig */,
				06AB49D4BA48D884A87B5E1F /* Pods-Media-MediaUITests.release.xcconfig */,
				F7E21163741AA0AF2CA312E9 /* Pods-MediaTests.debug.xcconfig */,
				3DAF044CC040696BD0F49137 /* Pods-MediaTests.release.xcconfig */,
			);
			path = Pods;
			sourceTree = "<group>";
		};
		B3BAECD423DC7D16003D8554 = {
			isa = PBXGroup;
			children = (
				B3BAECDF23DC7D16003D8554 /* Media */,
				B3BAECF623DC7D18003D8554 /* MediaTests */,
				B3BAED0123DC7D18003D8554 /* MediaUITests */,
				B3BAECDE23DC7D16003D8554 /* Products */,
				B17D3C54D9A021F68AB4A86C /* Pods */,
				207A9472556B0A9C5A5F1130 /* Frameworks */,
			);
			sourceTree = "<group>";
		};
		B3BAECDE23DC7D16003D8554 /* Products */ = {
			isa = PBXGroup;
			children = (
				B3BAECDD23DC7D16003D8554 /* Media.app */,
				B3BAECF323DC7D18003D8554 /* MediaTests.xctest */,
				B3BAECFE23DC7D18003D8554 /* MediaUITests.xctest */,
			);
			name = Products;
			sourceTree = "<group>";
		};
		B3BAECDF23DC7D16003D8554 /* Media */ = {
			isa = PBXGroup;
			children = (
				B3E3805423DCB148009F630E /* Util */,
				B3E3805123DCB0C2009F630E /* View */,
				B3E3805023DCB0B4009F630E /* Repository */,
				B3BAECE023DC7D16003D8554 /* AppDelegate.swift */,
				B3BAECE223DC7D16003D8554 /* SceneDelegate.swift */,
				B3BAECE923DC7D18003D8554 /* Assets.xcassets */,
				B3BAECEB23DC7D18003D8554 /* LaunchScreen.storyboard */,
				B3BAECEE23DC7D18003D8554 /* Info.plist */,
			);
			path = Media;
			sourceTree = "<group>";
		};
		B3BAECF623DC7D18003D8554 /* MediaTests */ = {
			isa = PBXGroup;
			children = (
				B3BAECF723DC7D18003D8554 /* MediaTests.swift */,
				B3BAECF923DC7D18003D8554 /* Info.plist */,
			);
			path = MediaTests;
			sourceTree = "<group>";
		};
		B3BAED0123DC7D18003D8554 /* MediaUITests */ = {
			isa = PBXGroup;
			children = (
				B3BAED0223DC7D18003D8554 /* MediaUITests.swift */,
				B3BAED0423DC7D18003D8554 /* Info.plist */,
			);
			path = MediaUITests;
			sourceTree = "<group>";
		};
		B3E3804623DCA78C009F630E /* ArticleList */ = {
			isa = PBXGroup;
			children = (
				B3E3804823DCA802009F630E /* ArticleList.storyboard */,
				B3E3804A23DCA874009F630E /* ArticleListViewController.swift */,
				B3E3804C23DCA89C009F630E /* ArticleListViewModel.swift */,
				B3E3804E23DCA8AB009F630E /* ArticleModel.swift */,
			);
			path = ArticleList;
			sourceTree = "<group>";
		};
		B3E3804723DCA7B9009F630E /* Article */ = {
			isa = PBXGroup;
			children = (
			);
			path = Article;
			sourceTree = "<group>";
		};
		B3E3805023DCB0B4009F630E /* Repository */ = {
			isa = PBXGroup;
			children = (
				B3E3805223DCB0FC009F630E /* ArticleListRepository.swift */,
			);
			path = Repository;
			sourceTree = "<group>";
		};
		B3E3805123DCB0C2009F630E /* View */ = {
			isa = PBXGroup;
			children = (
				B3E3804723DCA7B9009F630E /* Article */,
				B3E3804623DCA78C009F630E /* ArticleList */,
			);
			path = View;
			sourceTree = "<group>";
		};
		B3E3805423DCB148009F630E /* Util */ = {
			isa = PBXGroup;
			children = (
				B3E3805523DCB15C009F630E /* PathValues.swift */,
			);
			path = Util;
			sourceTree = "<group>";
		};
/* End PBXGroup section */

/* Begin PBXNativeTarget section */
		B3BAECDC23DC7D16003D8554 /* Media */ = {
			isa = PBXNativeTarget;
			buildConfigurationList = B3BAED0723DC7D18003D8554 /* Build configuration list for PBXNativeTarget "Media" */;
			buildPhases = (
				98458237BDF3186F474B7A41 /* [CP] Check Pods Manifest.lock */,
				B3BAECD923DC7D16003D8554 /* Sources */,
				B3BAECDA23DC7D16003D8554 /* Frameworks */,
				B3BAECDB23DC7D16003D8554 /* Resources */,
				32B938A00E97729FED4467E5 /* [CP] Embed Pods Frameworks */,
			);
			buildRules = (
			);
			dependencies = (
			);
			name = Media;
			productName = Media;
			productReference = B3BAECDD23DC7D16003D8554 /* Media.app */;
			productType = "com.apple.product-type.application";
		};
		B3BAECF223DC7D18003D8554 /* MediaTests */ = {
			isa = PBXNativeTarget;
			buildConfigurationList = B3BAED0A23DC7D18003D8554 /* Build configuration list for PBXNativeTarget "MediaTests" */;
			buildPhases = (
				849A671966A73EB216773F08 /* [CP] Check Pods Manifest.lock */,
				B3BAECEF23DC7D18003D8554 /* Sources */,
				B3BAECF023DC7D18003D8554 /* Frameworks */,
				B3BAECF123DC7D18003D8554 /* Resources */,
			);
			buildRules = (
			);
			dependencies = (
				B3BAECF523DC7D18003D8554 /* PBXTargetDependency */,
			);
			name = MediaTests;
			productName = MediaTests;
			productReference = B3BAECF323DC7D18003D8554 /* MediaTests.xctest */;
			productType = "com.apple.product-type.bundle.unit-test";
		};
		B3BAECFD23DC7D18003D8554 /* MediaUITests */ = {
			isa = PBXNativeTarget;
			buildConfigurationList = B3BAED0D23DC7D18003D8554 /* Build configuration list for PBXNativeTarget "MediaUITests" */;
			buildPhases = (
				35D83A6075425F36F02A2D2E /* [CP] Check Pods Manifest.lock */,
				B3BAECFA23DC7D18003D8554 /* Sources */,
				B3BAECFB23DC7D18003D8554 /* Frameworks */,
				B3BAECFC23DC7D18003D8554 /* Resources */,
				FC8DF84DC2EB878ECF263BAB /* [CP] Embed Pods Frameworks */,
			);
			buildRules = (
			);
			dependencies = (
				B3BAED0023DC7D18003D8554 /* PBXTargetDependency */,
			);
			name = MediaUITests;
			productName = MediaUITests;
			productReference = B3BAECFE23DC7D18003D8554 /* MediaUITests.xctest */;
			productType = "com.apple.product-type.bundle.ui-testing";
		};
/* End PBXNativeTarget section */

/* Begin PBXProject section */
		B3BAECD523DC7D16003D8554 /* Project object */ = {
			isa = PBXProject;
			attributes = {
				LastSwiftUpdateCheck = 1130;
				LastUpgradeCheck = 1130;
				ORGANIZATIONNAME = "川井淳矢";
				TargetAttributes = {
					B3BAECDC23DC7D16003D8554 = {
						CreatedOnToolsVersion = 11.3.1;
					};
					B3BAECF223DC7D18003D8554 = {
						CreatedOnToolsVersion = 11.3.1;
						TestTargetID = B3BAECDC23DC7D16003D8554;
					};
					B3BAECFD23DC7D18003D8554 = {
						CreatedOnToolsVersion = 11.3.1;
						TestTargetID = B3BAECDC23DC7D16003D8554;
					};
				};
			};
			buildConfigurationList = B3BAECD823DC7D16003D8554 /* Build configuration list for PBXProject "Media" */;
			compatibilityVersion = "Xcode 9.3";
			developmentRegion = en;
			hasScannedForEncodings = 0;
			knownRegions = (
				en,
				Base,
			);
			mainGroup = B3BAECD423DC7D16003D8554;
			productRefGroup = B3BAECDE23DC7D16003D8554 /* Products */;
			projectDirPath = "";
			projectRoot = "";
			targets = (
				B3BAECDC23DC7D16003D8554 /* Media */,
				B3BAECF223DC7D18003D8554 /* MediaTests */,
				B3BAECFD23DC7D18003D8554 /* MediaUITests */,
			);
		};
/* End PBXProject section */

/* Begin PBXResourcesBuildPhase section */
		B3BAECDB23DC7D16003D8554 /* Resources */ = {
			isa = PBXResourcesBuildPhase;
			buildActionMask = 2147483647;
			files = (
				B3BAECED23DC7D18003D8554 /* LaunchScreen.storyboard in Resources */,
				B3E3804923DCA802009F630E /* ArticleList.storyboard in Resources */,
				B3BAECEA23DC7D18003D8554 /* Assets.xcassets in Resources */,
			);
			runOnlyForDeploymentPostprocessing = 0;
		};
		B3BAECF123DC7D18003D8554 /* Resources */ = {
			isa = PBXResourcesBuildPhase;
			buildActionMask = 2147483647;
			files = (
			);
			runOnlyForDeploymentPostprocessing = 0;
		};
		B3BAECFC23DC7D18003D8554 /* Resources */ = {
			isa = PBXResourcesBuildPhase;
			buildActionMask = 2147483647;
			files = (
			);
			runOnlyForDeploymentPostprocessing = 0;
		};
/* End PBXResourcesBuildPhase section */

/* Begin PBXShellScriptBuildPhase section */
		32B938A00E97729FED4467E5 /* [CP] Embed Pods Frameworks */ = {
			isa = PBXShellScriptBuildPhase;
			buildActionMask = 2147483647;
			files = (
			);
			inputFileListPaths = (
				"${PODS_ROOT}/Target Support Files/Pods-Media/Pods-Media-frameworks-${CONFIGURATION}-input-files.xcfilelist",
			);
			name = "[CP] Embed Pods Frameworks";
			outputFileListPaths = (
				"${PODS_ROOT}/Target Support Files/Pods-Media/Pods-Media-frameworks-${CONFIGURATION}-output-files.xcfilelist",
			);
			runOnlyForDeploymentPostprocessing = 0;
			shellPath = /bin/sh;
			shellScript = "\"${PODS_ROOT}/Target Support Files/Pods-Media/Pods-Media-frameworks.sh\"\n";
			showEnvVarsInLog = 0;
		};
		35D83A6075425F36F02A2D2E /* [CP] Check Pods Manifest.lock */ = {
			isa = PBXShellScriptBuildPhase;
			buildActionMask = 2147483647;
			files = (
			);
			inputFileListPaths = (
			);
			inputPaths = (
				"${PODS_PODFILE_DIR_PATH}/Podfile.lock",
				"${PODS_ROOT}/Manifest.lock",
			);
			name = "[CP] Check Pods Manifest.lock";
			outputFileListPaths = (
			);
			outputPaths = (
				"$(DERIVED_FILE_DIR)/Pods-Media-MediaUITests-checkManifestLockResult.txt",
			);
			runOnlyForDeploymentPostprocessing = 0;
			shellPath = /bin/sh;
			shellScript = "diff \"${PODS_PODFILE_DIR_PATH}/Podfile.lock\" \"${PODS_ROOT}/Manifest.lock\" > /dev/null\nif [ $? != 0 ] ; then\n    # print error to STDERR\n    echo \"error: The sandbox is not in sync with the Podfile.lock. Run 'pod install' or update your CocoaPods installation.\" >&2\n    exit 1\nfi\n# This output is used by Xcode 'outputs' to avoid re-running this script phase.\necho \"SUCCESS\" > \"${SCRIPT_OUTPUT_FILE_0}\"\n";
			showEnvVarsInLog = 0;
		};
		849A671966A73EB216773F08 /* [CP] Check Pods Manifest.lock */ = {
			isa = PBXShellScriptBuildPhase;
			buildActionMask = 2147483647;
			files = (
			);
			inputFileListPaths = (
			);
			inputPaths = (
				"${PODS_PODFILE_DIR_PATH}/Podfile.lock",
				"${PODS_ROOT}/Manifest.lock",
			);
			name = "[CP] Check Pods Manifest.lock";
			outputFileListPaths = (
			);
			outputPaths = (
				"$(DERIVED_FILE_DIR)/Pods-MediaTests-checkManifestLockResult.txt",
			);
			runOnlyForDeploymentPostprocessing = 0;
			shellPath = /bin/sh;
			shellScript = "diff \"${PODS_PODFILE_DIR_PATH}/Podfile.lock\" \"${PODS_ROOT}/Manifest.lock\" > /dev/null\nif [ $? != 0 ] ; then\n    # print error to STDERR\n    echo \"error: The sandbox is not in sync with the Podfile.lock. Run 'pod install' or update your CocoaPods installation.\" >&2\n    exit 1\nfi\n# This output is used by Xcode 'outputs' to avoid re-running this script phase.\necho \"SUCCESS\" > \"${SCRIPT_OUTPUT_FILE_0}\"\n";
			showEnvVarsInLog = 0;
		};
		98458237BDF3186F474B7A41 /* [CP] Check Pods Manifest.lock */ = {
			isa = PBXShellScriptBuildPhase;
			buildActionMask = 2147483647;
			files = (
			);
			inputFileListPaths = (
			);
			inputPaths = (
				"${PODS_PODFILE_DIR_PATH}/Podfile.lock",
				"${PODS_ROOT}/Manifest.lock",
			);
			name = "[CP] Check Pods Manifest.lock";
			outputFileListPaths = (
			);
			outputPaths = (
				"$(DERIVED_FILE_DIR)/Pods-Media-checkManifestLockResult.txt",
			);
			runOnlyForDeploymentPostprocessing = 0;
			shellPath = /bin/sh;
			shellScript = "diff \"${PODS_PODFILE_DIR_PATH}/Podfile.lock\" \"${PODS_ROOT}/Manifest.lock\" > /dev/null\nif [ $? != 0 ] ; then\n    # print error to STDERR\n    echo \"error: The sandbox is not in sync with the Podfile.lock. Run 'pod install' or update your CocoaPods installation.\" >&2\n    exit 1\nfi\n# This output is used by Xcode 'outputs' to avoid re-running this script phase.\necho \"SUCCESS\" > \"${SCRIPT_OUTPUT_FILE_0}\"\n";
			showEnvVarsInLog = 0;
		};
		FC8DF84DC2EB878ECF263BAB /* [CP] Embed Pods Frameworks */ = {
			isa = PBXShellScriptBuildPhase;
			buildActionMask = 2147483647;
			files = (
			);
			inputFileListPaths = (
				"${PODS_ROOT}/Target Support Files/Pods-Media-MediaUITests/Pods-Media-MediaUITests-frameworks-${CONFIGURATION}-input-files.xcfilelist",
			);
			name = "[CP] Embed Pods Frameworks";
			outputFileListPaths = (
				"${PODS_ROOT}/Target Support Files/Pods-Media-MediaUITests/Pods-Media-MediaUITests-frameworks-${CONFIGURATION}-output-files.xcfilelist",
			);
			runOnlyForDeploymentPostprocessing = 0;
			shellPath = /bin/sh;
			shellScript = "\"${PODS_ROOT}/Target Support Files/Pods-Media-MediaUITests/Pods-Media-MediaUITests-frameworks.sh\"\n";
			showEnvVarsInLog = 0;
		};
/* End PBXShellScriptBuildPhase section */

/* Begin PBXSourcesBuildPhase section */
		B3BAECD923DC7D16003D8554 /* Sources */ = {
			isa = PBXSourcesBuildPhase;
			buildActionMask = 2147483647;
			files = (
				B3E3804B23DCA874009F630E /* ArticleListViewController.swift in Sources */,
				B3E3805623DCB15C009F630E /* PathValues.swift in Sources */,
				B3BAECE123DC7D16003D8554 /* AppDelegate.swift in Sources */,
				B3BAECE323DC7D16003D8554 /* SceneDelegate.swift in Sources */,
				B3E3804F23DCA8AB009F630E /* ArticleModel.swift in Sources */,
				B3E3805323DCB0FC009F630E /* ArticleListRepository.swift in Sources */,
				B3E3804D23DCA89C009F630E /* ArticleListViewModel.swift in Sources */,
			);
			runOnlyForDeploymentPostprocessing = 0;
		};
		B3BAECEF23DC7D18003D8554 /* Sources */ = {
			isa = PBXSourcesBuildPhase;
			buildActionMask = 2147483647;
			files = (
				B3BAECF823DC7D18003D8554 /* MediaTests.swift in Sources */,
			);
			runOnlyForDeploymentPostprocessing = 0;
		};
		B3BAECFA23DC7D18003D8554 /* Sources */ = {
			isa = PBXSourcesBuildPhase;
			buildActionMask = 2147483647;
			files = (
				B3BAED0323DC7D18003D8554 /* MediaUITests.swift in Sources */,
			);
			runOnlyForDeploymentPostprocessing = 0;
		};
/* End PBXSourcesBuildPhase section */

/* Begin PBXTargetDependency section */
		B3BAECF523DC7D18003D8554 /* PBXTargetDependency */ = {
			isa = PBXTargetDependency;
			target = B3BAECDC23DC7D16003D8554 /* Media */;
			targetProxy = B3BAECF423DC7D18003D8554 /* PBXContainerItemProxy */;
		};
		B3BAED0023DC7D18003D8554 /* PBXTargetDependency */ = {
			isa = PBXTargetDependency;
			target = B3BAECDC23DC7D16003D8554 /* Media */;
			targetProxy = B3BAECFF23DC7D18003D8554 /* PBXContainerItemProxy */;
		};
/* End PBXTargetDependency section */

/* Begin PBXVariantGroup section */
		B3BAECEB23DC7D18003D8554 /* LaunchScreen.storyboard */ = {
			isa = PBXVariantGroup;
			children = (
				B3BAECEC23DC7D18003D8554 /* Base */,
			);
			name = LaunchScreen.storyboard;
			sourceTree = "<group>";
		};
/* End PBXVariantGroup section */

/* Begin XCBuildConfiguration section */
		B3BAED0523DC7D18003D8554 /* Debug */ = {
			isa = XCBuildConfiguration;
			buildSettings = {
				ALWAYS_SEARCH_USER_PATHS = NO;
				CLANG_ANALYZER_NONNULL = YES;
				CLANG_ANALYZER_NUMBER_OBJECT_CONVERSION = YES_AGGRESSIVE;
				CLANG_CXX_LANGUAGE_STANDARD = "gnu++14";
				CLANG_CXX_LIBRARY = "libc++";
				CLANG_ENABLE_MODULES = YES;
				CLANG_ENABLE_OBJC_ARC = YES;
				CLANG_ENABLE_OBJC_WEAK = YES;
				CLANG_WARN_BLOCK_CAPTURE_AUTORELEASING = YES;
				CLANG_WARN_BOOL_CONVERSION = YES;
				CLANG_WARN_COMMA = YES;
				CLANG_WARN_CONSTANT_CONVERSION = YES;
				CLANG_WARN_DEPRECATED_OBJC_IMPLEMENTATIONS = YES;
				CLANG_WARN_DIRECT_OBJC_ISA_USAGE = YES_ERROR;
				CLANG_WARN_DOCUMENTATION_COMMENTS = YES;
				CLANG_WARN_EMPTY_BODY = YES;
				CLANG_WARN_ENUM_CONVERSION = YES;
				CLANG_WARN_INFINITE_RECURSION = YES;
				CLANG_WARN_INT_CONVERSION = YES;
				CLANG_WARN_NON_LITERAL_NULL_CONVERSION = YES;
				CLANG_WARN_OBJC_IMPLICIT_RETAIN_SELF = YES;
				CLANG_WARN_OBJC_LITERAL_CONVERSION = YES;
				CLANG_WARN_OBJC_ROOT_CLASS = YES_ERROR;
				CLANG_WARN_RANGE_LOOP_ANALYSIS = YES;
				CLANG_WARN_STRICT_PROTOTYPES = YES;
				CLANG_WARN_SUSPICIOUS_MOVE = YES;
				CLANG_WARN_UNGUARDED_AVAILABILITY = YES_AGGRESSIVE;
				CLANG_WARN_UNREACHABLE_CODE = YES;
				CLANG_WARN__DUPLICATE_METHOD_MATCH = YES;
				COPY_PHASE_STRIP = NO;
				DEBUG_INFORMATION_FORMAT = dwarf;
				ENABLE_STRICT_OBJC_MSGSEND = YES;
				ENABLE_TESTABILITY = YES;
				GCC_C_LANGUAGE_STANDARD = gnu11;
				GCC_DYNAMIC_NO_PIC = NO;
				GCC_NO_COMMON_BLOCKS = YES;
				GCC_OPTIMIZATION_LEVEL = 0;
				GCC_PREPROCESSOR_DEFINITIONS = (
					"DEBUG=1",
					"$(inherited)",
				);
				GCC_WARN_64_TO_32_BIT_CONVERSION = YES;
				GCC_WARN_ABOUT_RETURN_TYPE = YES_ERROR;
				GCC_WARN_UNDECLARED_SELECTOR = YES;
				GCC_WARN_UNINITIALIZED_AUTOS = YES_AGGRESSIVE;
				GCC_WARN_UNUSED_FUNCTION = YES;
				GCC_WARN_UNUSED_VARIABLE = YES;
				IPHONEOS_DEPLOYMENT_TARGET = 13.2;
				MTL_ENABLE_DEBUG_INFO = INCLUDE_SOURCE;
				MTL_FAST_MATH = YES;
				ONLY_ACTIVE_ARCH = YES;
				SDKROOT = iphoneos;
				SWIFT_ACTIVE_COMPILATION_CONDITIONS = DEBUG;
				SWIFT_OPTIMIZATION_LEVEL = "-Onone";
			};
			name = Debug;
		};
		B3BAED0623DC7D18003D8554 /* Release */ = {
			isa = XCBuildConfiguration;
			buildSettings = {
				ALWAYS_SEARCH_USER_PATHS = NO;
				CLANG_ANALYZER_NONNULL = YES;
				CLANG_ANALYZER_NUMBER_OBJECT_CONVERSION = YES_AGGRESSIVE;
				CLANG_CXX_LANGUAGE_STANDARD = "gnu++14";
				CLANG_CXX_LIBRARY = "libc++";
				CLANG_ENABLE_MODULES = YES;
				CLANG_ENABLE_OBJC_ARC = YES;
				CLANG_ENABLE_OBJC_WEAK = YES;
				CLANG_WARN_BLOCK_CAPTURE_AUTORELEASING = YES;
				CLANG_WARN_BOOL_CONVERSION = YES;
				CLANG_WARN_COMMA = YES;
				CLANG_WARN_CONSTANT_CONVERSION = YES;
				CLANG_WARN_DEPRECATED_OBJC_IMPLEMENTATIONS = YES;
				CLANG_WARN_DIRECT_OBJC_ISA_USAGE = YES_ERROR;
				CLANG_WARN_DOCUMENTATION_COMMENTS = YES;
				CLANG_WARN_EMPTY_BODY = YES;
				CLANG_WARN_ENUM_CONVERSION = YES;
				CLANG_WARN_INFINITE_RECURSION = YES;
				CLANG_WARN_INT_CONVERSION = YES;
				CLANG_WARN_NON_LITERAL_NULL_CONVERSION = YES;
				CLANG_WARN_OBJC_IMPLICIT_RETAIN_SELF = YES;
				CLANG_WARN_OBJC_LITERAL_CONVERSION = YES;
				CLANG_WARN_OBJC_ROOT_CLASS = YES_ERROR;
				CLANG_WARN_RANGE_LOOP_ANALYSIS = YES;
				CLANG_WARN_STRICT_PROTOTYPES = YES;
				CLANG_WARN_SUSPICIOUS_MOVE = YES;
				CLANG_WARN_UNGUARDED_AVAILABILITY = YES_AGGRESSIVE;
				CLANG_WARN_UNREACHABLE_CODE = YES;
				CLANG_WARN__DUPLICATE_METHOD_MATCH = YES;
				COPY_PHASE_STRIP = NO;
				DEBUG_INFORMATION_FORMAT = "dwarf-with-dsym";
				ENABLE_NS_ASSERTIONS = NO;
				ENABLE_STRICT_OBJC_MSGSEND = YES;
				GCC_C_LANGUAGE_STANDARD = gnu11;
				GCC_NO_COMMON_BLOCKS = YES;
				GCC_WARN_64_TO_32_BIT_CONVERSION = YES;
				GCC_WARN_ABOUT_RETURN_TYPE = YES_ERROR;
				GCC_WARN_UNDECLARED_SELECTOR = YES;
				GCC_WARN_UNINITIALIZED_AUTOS = YES_AGGRESSIVE;
				GCC_WARN_UNUSED_FUNCTION = YES;
				GCC_WARN_UNUSED_VARIABLE = YES;
				IPHONEOS_DEPLOYMENT_TARGET = 13.2;
				MTL_ENABLE_DEBUG_INFO = NO;
				MTL_FAST_MATH = YES;
				SDKROOT = iphoneos;
				SWIFT_COMPILATION_MODE = wholemodule;
				SWIFT_OPTIMIZATION_LEVEL = "-O";
				VALIDATE_PRODUCT = YES;
			};
			name = Release;
		};
		B3BAED0823DC7D18003D8554 /* Debug */ = {
			isa = XCBuildConfiguration;
			baseConfigurationReference = 5683D5BD34E065B9E9746046 /* Pods-Media.debug.xcconfig */;
			buildSettings = {
				ASSETCATALOG_COMPILER_APPICON_NAME = AppIcon;
				CODE_SIGN_STYLE = Automatic;
				INFOPLIST_FILE = Media/Info.plist;
				LD_RUNPATH_SEARCH_PATHS = (
					"$(inherited)",
					"@executable_path/Frameworks",
				);
				PRODUCT_BUNDLE_IDENTIFIER = com.jk.Media;
				PRODUCT_NAME = "$(TARGET_NAME)";
				SWIFT_VERSION = 5.0;
				TARGETED_DEVICE_FAMILY = "1,2";
			};
			name = Debug;
		};
		B3BAED0923DC7D18003D8554 /* Release */ = {
			isa = XCBuildConfiguration;
			baseConfigurationReference = 8332DFF266630A568DB02636 /* Pods-Media.release.xcconfig */;
			buildSettings = {
				ASSETCATALOG_COMPILER_APPICON_NAME = AppIcon;
				CODE_SIGN_STYLE = Automatic;
				INFOPLIST_FILE = Media/Info.plist;
				LD_RUNPATH_SEARCH_PATHS = (
					"$(inherited)",
					"@executable_path/Frameworks",
				);
				PRODUCT_BUNDLE_IDENTIFIER = com.jk.Media;
				PRODUCT_NAME = "$(TARGET_NAME)";
				SWIFT_VERSION = 5.0;
				TARGETED_DEVICE_FAMILY = "1,2";
			};
			name = Release;
		};
		B3BAED0B23DC7D18003D8554 /* Debug */ = {
			isa = XCBuildConfiguration;
			baseConfigurationReference = F7E21163741AA0AF2CA312E9 /* Pods-MediaTests.debug.xcconfig */;
			buildSettings = {
				ALWAYS_EMBED_SWIFT_STANDARD_LIBRARIES = YES;
				BUNDLE_LOADER = "$(TEST_HOST)";
				CODE_SIGN_STYLE = Automatic;
				INFOPLIST_FILE = MediaTests/Info.plist;
				IPHONEOS_DEPLOYMENT_TARGET = 13.2;
				LD_RUNPATH_SEARCH_PATHS = (
					"$(inherited)",
					"@executable_path/Frameworks",
					"@loader_path/Frameworks",
				);
				PRODUCT_BUNDLE_IDENTIFIER = com.jk.MediaTests;
				PRODUCT_NAME = "$(TARGET_NAME)";
				SWIFT_VERSION = 5.0;
				TARGETED_DEVICE_FAMILY = "1,2";
				TEST_HOST = "$(BUILT_PRODUCTS_DIR)/Media.app/Media";
			};
			name = Debug;
		};
		B3BAED0C23DC7D18003D8554 /* Release */ = {
			isa = XCBuildConfiguration;
			baseConfigurationReference = 3DAF044CC040696BD0F49137 /* Pods-MediaTests.release.xcconfig */;
			buildSettings = {
				ALWAYS_EMBED_SWIFT_STANDARD_LIBRARIES = YES;
				BUNDLE_LOADER = "$(TEST_HOST)";
				CODE_SIGN_STYLE = Automatic;
				INFOPLIST_FILE = MediaTests/Info.plist;
				IPHONEOS_DEPLOYMENT_TARGET = 13.2;
				LD_RUNPATH_SEARCH_PATHS = (
					"$(inherited)",
					"@executable_path/Frameworks",
					"@loader_path/Frameworks",
				);
				PRODUCT_BUNDLE_IDENTIFIER = com.jk.MediaTests;
				PRODUCT_NAME = "$(TARGET_NAME)";
				SWIFT_VERSION = 5.0;
				TARGETED_DEVICE_FAMILY = "1,2";
				TEST_HOST = "$(BUILT_PRODUCTS_DIR)/Media.app/Media";
			};
			name = Release;
		};
		B3BAED0E23DC7D18003D8554 /* Debug */ = {
			isa = XCBuildConfiguration;
			baseConfigurationReference = 6144A177695FAFE0F0E0331C /* Pods-Media-MediaUITests.debug.xcconfig */;
			buildSettings = {
				ALWAYS_EMBED_SWIFT_STANDARD_LIBRARIES = YES;
				CODE_SIGN_STYLE = Automatic;
				INFOPLIST_FILE = MediaUITests/Info.plist;
				LD_RUNPATH_SEARCH_PATHS = (
					"$(inherited)",
					"@executable_path/Frameworks",
					"@loader_path/Frameworks",
				);
				PRODUCT_BUNDLE_IDENTIFIER = com.jk.MediaUITests;
				PRODUCT_NAME = "$(TARGET_NAME)";
				SWIFT_VERSION = 5.0;
				TARGETED_DEVICE_FAMILY = "1,2";
				TEST_TARGET_NAME = Media;
			};
			name = Debug;
		};
		B3BAED0F23DC7D18003D8554 /* Release */ = {
			isa = XCBuildConfiguration;
			baseConfigurationReference = 06AB49D4BA48D884A87B5E1F /* Pods-Media-MediaUITests.release.xcconfig */;
			buildSettings = {
				ALWAYS_EMBED_SWIFT_STANDARD_LIBRARIES = YES;
				CODE_SIGN_STYLE = Automatic;
				INFOPLIST_FILE = MediaUITests/Info.plist;
				LD_RUNPATH_SEARCH_PATHS = (
					"$(inherited)",
					"@executable_path/Frameworks",
					"@loader_path/Frameworks",
				);
				PRODUCT_BUNDLE_IDENTIFIER = com.jk.MediaUITests;
				PRODUCT_NAME = "$(TARGET_NAME)";
				SWIFT_VERSION = 5.0;
				TARGETED_DEVICE_FAMILY = "1,2";
				TEST_TARGET_NAME = Media;
			};
			name = Release;
		};
/* End XCBuildConfiguration section */

/* Begin XCConfigurationList section */
		B3BAECD823DC7D16003D8554 /* Build configuration list for PBXProject "Media" */ = {
			isa = XCConfigurationList;
			buildConfigurations = (
				B3BAED0523DC7D18003D8554 /* Debug */,
				B3BAED0623DC7D18003D8554 /* Release */,
			);
			defaultConfigurationIsVisible = 0;
			defaultConfigurationName = Release;
		};
		B3BAED0723DC7D18003D8554 /* Build configuration list for PBXNativeTarget "Media" */ = {
			isa = XCConfigurationList;
			buildConfigurations = (
				B3BAED0823DC7D18003D8554 /* Debug */,
				B3BAED0923DC7D18003D8554 /* Release */,
			);
			defaultConfigurationIsVisible = 0;
			defaultConfigurationName = Release;
		};
		B3BAED0A23DC7D18003D8554 /* Build configuration list for PBXNativeTarget "MediaTests" */ = {
			isa = XCConfigurationList;
			buildConfigurations = (
				B3BAED0B23DC7D18003D8554 /* Debug */,
				B3BAED0C23DC7D18003D8554 /* Release */,
			);
			defaultConfigurationIsVisible = 0;
			defaultConfigurationName = Release;
		};
		B3BAED0D23DC7D18003D8554 /* Build configuration list for PBXNativeTarget "MediaUITests" */ = {
			isa = XCConfigurationList;
			buildConfigurations = (
				B3BAED0E23DC7D18003D8554 /* Debug */,
				B3BAED0F23DC7D18003D8554 /* Release */,
			);
			defaultConfigurationIsVisible = 0;
			defaultConfigurationName = Release;
		};
/* End XCConfigurationList section */
	};
	rootObject = B3BAECD523DC7D16003D8554 /* Project object */;
}
